{
  "version": "2",
  "remote": {
    "https://deno.land/std@0.166.0/collections/_comparators.ts": "b9edf2170aaccbe11407d37e8948b6867cf68fbe5225f4cd4cdb02f174227157",
    "https://deno.land/std@0.166.0/collections/_utils.ts": "fd759867be7a0047a1fa89ec89f7b58ebe3f2f7f089a8f4e416eb30c5d764868",
    "https://deno.land/std@0.166.0/collections/aggregate_groups.ts": "c2932492fce4a117b0a271082cecea193b1c3fd7db2422484e67a3c2b8872868",
    "https://deno.land/std@0.166.0/collections/associate_by.ts": "272dc97bd296dbf53ba19acc95fda2a8fa8883ed7929ad0b597cfc7efd87c106",
    "https://deno.land/std@0.166.0/collections/associate_with.ts": "2206bbc2f497768a0d73e3de08fa8a7a3d2b12e2d731ffa2b2fb7727a5d86909",
    "https://deno.land/std@0.166.0/collections/binary_heap.ts": "1879bec8df29e85615789e40b4991dbc944c3d25b5df6f416df1406c6bbffbe0",
    "https://deno.land/std@0.166.0/collections/chunk.ts": "6713208d07b9fa3535e46f6aa2c06a57fe0e7497cf7703b0808d85e56ce1c487",
    "https://deno.land/std@0.166.0/collections/deep_merge.ts": "a4252c99f82fe4051c6dfbe0c8ba839888c4233ab99c556ba519c5290011c281",
    "https://deno.land/std@0.166.0/collections/distinct.ts": "6440d486163278e5b81d55299d83d6706f690b1c929165cc2c673ecd245df851",
    "https://deno.land/std@0.166.0/collections/distinct_by.ts": "52ab6146482825932f53f7da2bdd7ae3ac566d38bf1d028edbaf109a4013329e",
    "https://deno.land/std@0.166.0/collections/drop_last_while.ts": "36f01ebc2c73d1eb5bba60e76c41101a19f379ffb80b21a313a47b57e99a97d9",
    "https://deno.land/std@0.166.0/collections/drop_while.ts": "9ab60aee3956028efedb72bad6c821765bd615aebc49fe874c9f8ab82844f5ad",
    "https://deno.land/std@0.166.0/collections/filter_entries.ts": "e3995d73926835a244af192aaa9b7bb3c11641d0efb801807808e4919d281a28",
    "https://deno.land/std@0.166.0/collections/filter_keys.ts": "fd0099e0dbf2cad8e52b441a4dac3f7f46adabea3279caf89eb4ed3408cb0f96",
    "https://deno.land/std@0.166.0/collections/filter_values.ts": "faf87e3c28a8042f4e4d83c0c65cea71de2d9311644114e93b7f5c93b10cda1a",
    "https://deno.land/std@0.166.0/collections/find_single.ts": "36bd5bb4c5b5b77310dbb4795ad7a88d66efb7fbf5f839c219dc766325ba56ba",
    "https://deno.land/std@0.166.0/collections/first_not_nullish_of.ts": "7e41ff961587c00132ee2c580b4a0a2b15e0f3eb57f281738997a69c0628281b",
    "https://deno.land/std@0.166.0/collections/group_by.ts": "3cf14e55c99320fca7ce6c1521d44170ab4a62c87738937a506357b234145f11",
    "https://deno.land/std@0.166.0/collections/includes_value.ts": "cceda098877f99912c152cec9e0a495f44063f009c9fdb2d00b97d3c307218dd",
    "https://deno.land/std@0.166.0/collections/intersect.ts": "d9fbee487b6c5690ad72d1555d10892367028754bae6c57b9471e6b23377e0c6",
    "https://deno.land/std@0.166.0/collections/join_to_string.ts": "24e35e1a7898047aa7277fdde4526e01102d25b1c47bc5a8c6b7d37a8a83d4a0",
    "https://deno.land/std@0.166.0/collections/map_entries.ts": "f0978e222dec4e4fb9d177115f19c0f09f229f952ff897433067e95fbf3c1fb7",
    "https://deno.land/std@0.166.0/collections/map_keys.ts": "2139fe25f35a6ef2b91bb00c9cd8b5e9ff2def5a2f714c57bc31c3a45d5aa041",
    "https://deno.land/std@0.166.0/collections/map_not_nullish.ts": "3585509bb9fe9cdc6843a51ece02be972a6630922dcda0bbe24e387ec85e21dc",
    "https://deno.land/std@0.166.0/collections/map_values.ts": "7e73685397409f2a1bc5356d89a58ce0249faf9e38db29434a8733144c877a2f",
    "https://deno.land/std@0.166.0/collections/max_by.ts": "bdc89ab14345aa3e332d87caf5e0f5b9b9f7840bd41addbfa59ba3f00ec158ec",
    "https://deno.land/std@0.166.0/collections/max_of.ts": "61808e8b030ba64fc703a89959d50f607554f7739e0ccfe96c4c46646d651a30",
    "https://deno.land/std@0.166.0/collections/max_with.ts": "5adbde35bf0f4636d544d4e54ebcf5af48374ccd3a64ad26affb003621801adc",
    "https://deno.land/std@0.166.0/collections/min_by.ts": "4fb3ca15babdc354cfb194374db3bb2ef58dccb83eba81ea2fee40dffd32c58f",
    "https://deno.land/std@0.166.0/collections/min_of.ts": "8435f5f6add95bf2fc91ba229cb8e44a1fdac9d1974bd25527b83e5276fb56d3",
    "https://deno.land/std@0.166.0/collections/min_with.ts": "c3e81382f8eabd81d8bb728bd9ba843c159eef8130561a3a8e595fd26d84d7cf",
    "https://deno.land/std@0.166.0/collections/mod.ts": "35b55ac18219107ffcf74051e7989611536d3fb96173f5053df935fdc32cefed",
    "https://deno.land/std@0.166.0/collections/partition.ts": "dab859fc9d359a54e4f3ae491dbe51b7299ff0d32a53460fd0b48d03ed10de80",
    "https://deno.land/std@0.166.0/collections/permutations.ts": "86475866d36016d15aae7b9c560be163b43879b6aa0b6ef412f6091783c68d51",
    "https://deno.land/std@0.166.0/collections/reduce_groups.ts": "29417b912316e06bda8f2ae57d262e4ba18af076c33fedf3290c7bb5d1507f14",
    "https://deno.land/std@0.166.0/collections/running_reduce.ts": "e2f21013ea13f04d2faab4258f2b6004153f420c8680cb03b56637b56e6eda1d",
    "https://deno.land/std@0.166.0/collections/sample.ts": "f3cb000285da721952bf1c79c5baaa613d742b19bf1a738767a41312be6ddb25",
    "https://deno.land/std@0.166.0/collections/sliding_windows.ts": "b386957c2ee81111c316f90585f71faee893952cd5f9426db60f15934ddf6659",
    "https://deno.land/std@0.166.0/collections/sort_by.ts": "224fb6bc59f940c6521f06cd81b5f5a5eb887e86e9078070d14299a0847614f4",
    "https://deno.land/std@0.166.0/collections/sum_of.ts": "106a416e4169a78f0e8e6dc5c71f25b3b96cafb3f8713f36737cba6c4008580d",
    "https://deno.land/std@0.166.0/collections/take_last_while.ts": "17c57d73397819458f0e6c969a2044d16cd89cb7ecc2c7bb1015ab465f74f1fd",
    "https://deno.land/std@0.166.0/collections/take_while.ts": "b66dfb3d9e9c16f3973c5824ee7f04107eb3251f4ec7a5f6b0e26d672ee592bd",
    "https://deno.land/std@0.166.0/collections/union.ts": "436587bd092d9675bcf9fc8c6c4b82e10920b2127e2107b9b810dc594e2d9164",
    "https://deno.land/std@0.166.0/collections/unzip.ts": "bfc58ee369b48e14c3de74c35f32be2ae255c0ef26dba10da1ec192f93428ee4",
    "https://deno.land/std@0.166.0/collections/without_all.ts": "f18b9a5e3fe3bbb4f65e92ca41ca0ade6975f44c0afbe6cf0e66d56fbe193249",
    "https://deno.land/std@0.166.0/collections/zip.ts": "a04a97f62ae7020329d2f56794ecc333930c6834b4bb1f0e7dfbf75777210e3e"
  }
}
